{
  "name": "loudness-promise",
  "version": "0.1.0",
  "lockfileVersion": 1,
  "requires": true,
  "dependencies": {
    "loudness": {
      "version": "0.2.2",
      "resolved": "https://registry.npmjs.org/loudness/-/loudness-0.2.2.tgz",
      "integrity": "sha1-hkK/tmqgPwKuB8UvEcYQIpeeDvg="
    }
  }
}
